// !$*UTF8*$!
{
	archiveVersion = 1;
	classes = {
	};
	objectVersion = 77;
	objects = {

/* Begin PBXBuildFile section */
		2A48E27F2FAA263D00D5EA60 /* AppDelegate.swift in Sources */ = {isa = PBXBuildFile; fileRef = 2A48E27E2FAA263D00D5EA60 /* AppDelegate.swift */; };
		2A48E2832FAA263D00D5EA60 /* Main.html in Resources */ = {isa = PBXBuildFile; fileRef = 2A48E2812FAA263D00D5EA60 /* Main.html */; };
		2A48E2852FAA263D00D5EA60 /* Icon.png in Resources */ = {isa = PBXBuildFile; fileRef = 2A48E2842FAA263D00D5EA60 /* Icon.png */; };
		2A48E2872FAA263D00D5EA60 /* Style.css in Resources */ = {isa = PBXBuildFile; fileRef = 2A48E2862FAA263D00D5EA60 /* Style.css */; };
		2A48E2892FAA263D00D5EA60 /* Script.js in Resources */ = {isa = PBXBuildFile; fileRef = 2A48E2882FAA263D00D5EA60 /* Script.js */; };
		2A48E28B2FAA263D00D5EA60 /* ViewController.swift in Sources */ = {isa = PBXBuildFile; fileRef = 2A48E28A2FAA263D00D5EA60 /* ViewController.swift */; };
		2A48E28E2FAA263D00D5EA60 /* Main.storyboard in Resources */ = {isa = PBXBuildFile; fileRef = 2A48E28C2FAA263D00D5EA60 /* Main.storyboard */; };
		2A48E2902FAA263E00D5EA60 /* Assets.xcassets in Resources */ = {isa = PBXBuildFile; fileRef = 2A48E28F2FAA263E00D5EA60 /* Assets.xcassets */; };
		2A48E2972FAA263E00D5EA60 /* AssetSonar Activity Monitor Extension.appex in Embed Foundation Extensions */ = {isa = PBXBuildFile; fileRef = 2A48E2962FAA263E00D5EA60 /* AssetSonar Activity Monitor Extension.appex */; settings = {ATTRIBUTES = (RemoveHeadersOnCopy, ); }; };
		2A48E29C2FAA263E00D5EA60 /* SafariWebExtensionHandler.swift in Sources */ = {isa = PBXBuildFile; fileRef = 2A48E29B2FAA263E00D5EA60 /* SafariWebExtensionHandler.swift */; };
		2A48E2AF2FAA263E00D5EA60 /* logo-128.png in Resources */ = {isa = PBXBuildFile; fileRef = 2A48E2A82FAA263E00D5EA60 /* logo-128.png */; };
		2A48E2B02FAA263E00D5EA60 /* index.css in Resources */ = {isa = PBXBuildFile; fileRef = 2A48E2A92FAA263E00D5EA60 /* index.css */; };
		2A48E2B12FAA263E00D5EA60 /* index2.css in Resources */ = {isa = PBXBuildFile; fileRef = 2A48E2AA2FAA263E00D5EA60 /* index2.css */; };
		2A48E2B22FAA263E00D5EA60 /* manifest.json in Resources */ = {isa = PBXBuildFile; fileRef = 2A48E2AB2FAA263E00D5EA60 /* manifest.json */; };
		2A48E2B32FAA263E00D5EA60 /* schema.json in Resources */ = {isa = PBXBuildFile; fileRef = 2A48E2AC2FAA263E00D5EA60 /* schema.json */; };
		2A48E2B42FAA263E00D5EA60 /* storage.js in Resources */ = {isa = PBXBuildFile; fileRef = 2A48E2AD2FAA263E00D5EA60 /* storage.js */; };
		2A48E2B52FAA263E00D5EA60 /* src in Resources */ = {isa = PBXBuildFile; fileRef = 2A48E2AE2FAA263E00D5EA60 /* src */; };
/* End PBXBuildFile section */

/* Begin PBXContainerItemProxy section */
		2A48E2982FAA263E00D5EA60 /* PBXContainerItemProxy */ = {
			isa = PBXContainerItemProxy;
			containerPortal = 2A48E2732FAA263D00D5EA60 /* Project object */;
			proxyType = 1;
			remoteGlobalIDString = 2A48E2952FAA263E00D5EA60;
			remoteInfo = "AssetSonar Activity Monitor Extension";
		};
/* End PBXContainerItemProxy section */

/* Begin PBXCopyFilesBuildPhase section */
		2A48E2A32FAA263E00D5EA60 /* Embed Foundation Extensions */ = {
			isa = PBXCopyFilesBuildPhase;
			buildActionMask = 2147483647;
			dstPath = "";
			dstSubfolderSpec = 13;
			files = (
				2A48E2972FAA263E00D5EA60 /* AssetSonar Activity Monitor Extension.appex in Embed Foundation Extensions */,
			);
			name = "Embed Foundation Extensions";
			runOnlyForDeploymentPostprocessing = 0;
		};
/* End PBXCopyFilesBuildPhase section */

/* Begin PBXFileReference section */
		2A48E27B2FAA263D00D5EA60 /* AssetSonar Activity Monitor.app */ = {isa = PBXFileReference; explicitFileType = wrapper.application; includeInIndex = 0; path = "AssetSonar Activity Monitor.app"; sourceTree = BUILT_PRODUCTS_DIR; };
		2A48E27E2FAA263D00D5EA60 /* AppDelegate.swift */ = {isa = PBXFileReference; lastKnownFileType = sourcecode.swift; path = AppDelegate.swift; sourceTree = "<group>"; };
		2A48E2822FAA263D00D5EA60 /* Base */ = {isa = PBXFileReference; lastKnownFileType = text.html; name = Base; path = Base.lproj/Main.html; sourceTree = "<group>"; };
		2A48E2842FAA263D00D5EA60 /* Icon.png */ = {isa = PBXFileReference; lastKnownFileType = image.png; path = Icon.png; sourceTree = "<group>"; };
		2A48E2862FAA263D00D5EA60 /* Style.css */ = {isa = PBXFileReference; lastKnownFileType = text.css; path = Style.css; sourceTree = "<group>"; };
		2A48E2882FAA263D00D5EA60 /* Script.js */ = {isa = PBXFileReference; lastKnownFileType = sourcecode.javascript; path = Script.js; sourceTree = "<group>"; };
		2A48E28A2FAA263D00D5EA60 /* ViewController.swift */ = {isa = PBXFileReference; lastKnownFileType = sourcecode.swift; path = ViewController.swift; sourceTree = "<group>"; };
		2A48E28D2FAA263D00D5EA60 /* Base */ = {isa = PBXFileReference; lastKnownFileType = file.storyboard; name = Base; path = Base.lproj/Main.storyboard; sourceTree = "<group>"; };
		2A48E28F2FAA263E00D5EA60 /* Assets.xcassets */ = {isa = PBXFileReference; lastKnownFileType = folder.assetcatalog; path = Assets.xcassets; sourceTree = "<group>"; };
		2A48E2912FAA263E00D5EA60 /* Info.plist */ = {isa = PBXFileReference; lastKnownFileType = text.plist.xml; path = Info.plist; sourceTree = "<group>"; };
		2A48E2962FAA263E00D5EA60 /* AssetSonar Activity Monitor Extension.appex */ = {isa = PBXFileReference; explicitFileType = "wrapper.app-extension"; includeInIndex = 0; path = "AssetSonar Activity Monitor Extension.appex"; sourceTree = BUILT_PRODUCTS_DIR; };
		2A48E29B2FAA263E00D5EA60 /* SafariWebExtensionHandler.swift */ = {isa = PBXFileReference; lastKnownFileType = sourcecode.swift; path = SafariWebExtensionHandler.swift; sourceTree = "<group>"; };
		2A48E29D2FAA263E00D5EA60 /* Info.plist */ = {isa = PBXFileReference; lastKnownFileType = text.plist.xml; path = Info.plist; sourceTree = "<group>"; };
		2A48E2A82FAA263E00D5EA60 /* logo-128.png */ = {isa = PBXFileReference; lastKnownFileType = image.png; name = "logo-128.png"; path = "../../build/logo-128.png"; sourceTree = "<group>"; };
		2A48E2A92FAA263E00D5EA60 /* index.css */ = {isa = PBXFileReference; lastKnownFileType = text.css; name = index.css; path = ../../build/index.css; sourceTree = "<group>"; };
		2A48E2AA2FAA263E00D5EA60 /* index2.css */ = {isa = PBXFileReference; lastKnownFileType = text.css; name = index2.css; path = ../../build/index2.css; sourceTree = "<group>"; };
		2A48E2AB2FAA263E00D5EA60 /* manifest.json */ = {isa = PBXFileReference; lastKnownFileType = text.json; name = manifest.json; path = ../../build/manifest.json; sourceTree = "<group>"; };
		2A48E2AC2FAA263E00D5EA60 /* schema.json */ = {isa = PBXFileReference; lastKnownFileType = text.json; name = schema.json; path = ../../build/schema.json; sourceTree = "<group>"; };
		2A48E2AD2FAA263E00D5EA60 /* storage.js */ = {isa = PBXFileReference; lastKnownFileType = sourcecode.javascript; name = storage.js; path = ../../build/storage.js; sourceTree = "<group>"; };
		2A48E2AE2FAA263E00D5EA60 /* src */ = {isa = PBXFileReference; lastKnownFileType = folder; name = src; path = ../../build/src; sourceTree = "<group>"; };
/* End PBXFileReference section */

/* Begin PBXFrameworksBuildPhase section */
		2A48E2782FAA263D00D5EA60 /* Frameworks */ = {
			isa = PBXFrameworksBuildPhase;
			buildActionMask = 2147483647;
			files = (
			);
			runOnlyForDeploymentPostprocessing = 0;
		};
		2A48E2932FAA263E00D5EA60 /* Frameworks */ = {
			isa = PBXFrameworksBuildPhase;
			buildActionMask = 2147483647;
			files = (
			);
			runOnlyForDeploymentPostprocessing = 0;
		};
/* End PBXFrameworksBuildPhase section */

/* Begin PBXGroup section */
		2A48E2722FAA263D00D5EA60 = {
			isa = PBXGroup;
			children = (
				2A48E27D2FAA263D00D5EA60 /* AssetSonar Activity Monitor */,
				2A48E29A2FAA263E00D5EA60 /* AssetSonar Activity Monitor Extension */,
				2A48E27C2FAA263D00D5EA60 /* Products */,
			);
			sourceTree = "<group>";
		};
		2A48E27C2FAA263D00D5EA60 /* Products */ = {
			isa = PBXGroup;
			children = (
				2A48E27B2FAA263D00D5EA60 /* AssetSonar Activity Monitor.app */,
				2A48E2962FAA263E00D5EA60 /* AssetSonar Activity Monitor Extension.appex */,
			);
			name = Products;
			sourceTree = "<group>";
		};
		2A48E27D2FAA263D00D5EA60 /* AssetSonar Activity Monitor */ = {
			isa = PBXGroup;
			children = (
				2A48E27E2FAA263D00D5EA60 /* AppDelegate.swift */,
				2A48E28A2FAA263D00D5EA60 /* ViewController.swift */,
				2A48E28C2FAA263D00D5EA60 /* Main.storyboard */,
				2A48E28F2FAA263E00D5EA60 /* Assets.xcassets */,
				2A48E2912FAA263E00D5EA60 /* Info.plist */,
				2A48E2802FAA263D00D5EA60 /* Resources */,
			);
			path = "AssetSonar Activity Monitor";
			sourceTree = "<group>";
		};
		2A48E2802FAA263D00D5EA60 /* Resources */ = {
			isa = PBXGroup;
			children = (
				2A48E2812FAA263D00D5EA60 /* Main.html */,
				2A48E2842FAA263D00D5EA60 /* Icon.png */,
				2A48E2862FAA263D00D5EA60 /* Style.css */,
				2A48E2882FAA263D00D5EA60 /* Script.js */,
			);
			path = Resources;
			sourceTree = "<group>";
		};
		2A48E29A2FAA263E00D5EA60 /* AssetSonar Activity Monitor Extension */ = {
			isa = PBXGroup;
			children = (
				2A48E2A72FAA263E00D5EA60 /* Resources */,
				2A48E29B2FAA263E00D5EA60 /* SafariWebExtensionHandler.swift */,
				2A48E29D2FAA263E00D5EA60 /* Info.plist */,
			);
			path = "AssetSonar Activity Monitor Extension";
			sourceTree = "<group>";
		};
		2A48E2A72FAA263E00D5EA60 /* Resources */ = {
			isa = PBXGroup;
			children = (
				2A48E2A82FAA263E00D5EA60 /* logo-128.png */,
				2A48E2A92FAA263E00D5EA60 /* index.css */,
				2A48E2AA2FAA263E00D5EA60 /* index2.css */,
				2A48E2AB2FAA263E00D5EA60 /* manifest.json */,
				2A48E2AC2FAA263E00D5EA60 /* schema.json */,
				2A48E2AD2FAA263E00D5EA60 /* storage.js */,
				2A48E2AE2FAA263E00D5EA60 /* src */,
			);
			name = Resources;
			path = "AssetSonar Activity Monitor Extension";
			sourceTree = SOURCE_ROOT;
		};
/* End PBXGroup section */

/* Begin PBXNativeTarget section */
		2A48E27A2FAA263D00D5EA60 /* AssetSonar Activity Monitor */ = {
			isa = PBXNativeTarget;
			buildConfigurationList = 2A48E2A42FAA263E00D5EA60 /* Build configuration list for PBXNativeTarget "AssetSonar Activity Monitor" */;
			buildPhases = (
				2A48E2772FAA263D00D5EA60 /* Sources */,
				2A48E2782FAA263D00D5EA60 /* Frameworks */,
				2A48E2792FAA263D00D5EA60 /* Resources */,
				2A48E2A32FAA263E00D5EA60 /* Embed Foundation Extensions */,
			);
			buildRules = (
			);
			dependencies = (
				2A48E2992FAA263E00D5EA60 /* PBXTargetDependency */,
			);
			name = "AssetSonar Activity Monitor";
			packageProductDependencies = (
			);
			productName = "AssetSonar Activity Monitor";
			productReference = 2A48E27B2FAA263D00D5EA60 /* AssetSonar Activity Monitor.app */;
			productType = "com.apple.product-type.application";
		};
		2A48E2952FAA263E00D5EA60 /* AssetSonar Activity Monitor Extension */ = {
			isa = PBXNativeTarget;
			buildConfigurationList = 2A48E2A02FAA263E00D5EA60 /* Build configuration list for PBXNativeTarget "AssetSonar Activity Monitor Extension" */;
			buildPhases = (
				2A48E2922FAA263E00D5EA60 /* Sources */,
				2A48E2932FAA263E00D5EA60 /* Frameworks */,
				2A48E2942FAA263E00D5EA60 /* Resources */,
			);
			buildRules = (
			);
			dependencies = (
			);
			name = "AssetSonar Activity Monitor Extension";
			packageProductDependencies = (
			);
			productName = "AssetSonar Activity Monitor Extension";
			productReference = 2A48E2962FAA263E00D5EA60 /* AssetSonar Activity Monitor Extension.appex */;
			productType = "com.apple.product-type.app-extension";
		};
/* End PBXNativeTarget section */

/* Begin PBXProject section */
		2A48E2732FAA263D00D5EA60 /* Project object */ = {
			isa = PBXProject;
			attributes = {
				BuildIndependentTargetsInParallel = 1;
				LastSwiftUpdateCheck = 2640;
				LastUpgradeCheck = 2640;
				TargetAttributes = {
					2A48E27A2FAA263D00D5EA60 = {
						CreatedOnToolsVersion = 26.4.1;
					};
					2A48E2952FAA263E00D5EA60 = {
						CreatedOnToolsVersion = 26.4.1;
					};
				};
			};
			buildConfigurationList = 2A48E2762FAA263D00D5EA60 /* Build configuration list for PBXProject "AssetSonar Activity Monitor" */;
			developmentRegion = en;
			hasScannedForEncodings = 0;
			knownRegions = (
				en,
				Base,
			);
			mainGroup = 2A48E2722FAA263D00D5EA60;
			minimizedProjectReferenceProxies = 1;
			preferredProjectObjectVersion = 77;
			productRefGroup = 2A48E27C2FAA263D00D5EA60 /* Products */;
			projectDirPath = "";
			projectRoot = "";
			targets = (
				2A48E27A2FAA263D00D5EA60 /* AssetSonar Activity Monitor */,
				2A48E2952FAA263E00D5EA60 /* AssetSonar Activity Monitor Extension */,
			);
		};
/* End PBXProject section */

/* Begin PBXResourcesBuildPhase section */
		2A48E2792FAA263D00D5EA60 /* Resources */ = {
			isa = PBXResourcesBuildPhase;
			buildActionMask = 2147483647;
			files = (
				2A48E2852FAA263D00D5EA60 /* Icon.png in Resources */,
				2A48E28E2FAA263D00D5EA60 /* Main.storyboard in Resources */,
				2A48E2892FAA263D00D5EA60 /* Script.js in Resources */,
				2A48E2832FAA263D00D5EA60 /* Main.html in Resources */,
				2A48E2902FAA263E00D5EA60 /* Assets.xcassets in Resources */,
				2A48E2872FAA263D00D5EA60 /* Style.css in Resources */,
			);
			runOnlyForDeploymentPostprocessing = 0;
		};
		2A48E2942FAA263E00D5EA60 /* Resources */ = {
			isa = PBXResourcesBuildPhase;
			buildActionMask = 2147483647;
			files = (
				2A48E2B22FAA263E00D5EA60 /* manifest.json in Resources */,
				2A48E2B32FAA263E00D5EA60 /* schema.json in Resources */,
				2A48E2B42FAA263E00D5EA60 /* storage.js in Resources */,
				2A48E2B02FAA263E00D5EA60 /* index.css in Resources */,
				2A48E2AF2FAA263E00D5EA60 /* logo-128.png in Resources */,
				2A48E2B52FAA263E00D5EA60 /* src in Resources */,
				2A48E2B12FAA263E00D5EA60 /* index2.css in Resources */,
			);
			runOnlyForDeploymentPostprocessing = 0;
		};
/* End PBXResourcesBuildPhase section */

/* Begin PBXSourcesBuildPhase section */
		2A48E2772FAA263D00D5EA60 /* Sources */ = {
			isa = PBXSourcesBuildPhase;
			buildActionMask = 2147483647;
			files = (
				2A48E28B2FAA263D00D5EA60 /* ViewController.swift in Sources */,
				2A48E27F2FAA263D00D5EA60 /* AppDelegate.swift in Sources */,
			);
			runOnlyForDeploymentPostprocessing = 0;
		};
		2A48E2922FAA263E00D5EA60 /* Sources */ = {
			isa = PBXSourcesBuildPhase;
			buildActionMask = 2147483647;
			files = (
				2A48E29C2FAA263E00D5EA60 /* SafariWebExtensionHandler.swift in Sources */,
			);
			runOnlyForDeploymentPostprocessing = 0;
		};
/* End PBXSourcesBuildPhase section */

/* Begin PBXTargetDependency section */
		2A48E2992FAA263E00D5EA60 /* PBXTargetDependency */ = {
			isa = PBXTargetDependency;
			target = 2A48E2952FAA263E00D5EA60 /* AssetSonar Activity Monitor Extension */;
			targetProxy = 2A48E2982FAA263E00D5EA60 /* PBXContainerItemProxy */;
		};
/* End PBXTargetDependency section */

/* Begin PBXVariantGroup section */
		2A48E2812FAA263D00D5EA60 /* Main.html */ = {
			isa = PBXVariantGroup;
			children = (
				2A48E2822FAA263D00D5EA60 /* Base */,
			);
			name = Main.html;
			sourceTree = "<group>";
		};
		2A48E28C2FAA263D00D5EA60 /* Main.storyboard */ = {
			isa = PBXVariantGroup;
			children = (
				2A48E28D2FAA263D00D5EA60 /* Base */,
			);
			name = Main.storyboard;
			sourceTree = "<group>";
		};
/* End PBXVariantGroup section */

/* Begin XCBuildConfiguration section */
		2A48E29E2FAA263E00D5EA60 /* Debug */ = {
			isa = XCBuildConfiguration;
			buildSettings = {
				ALWAYS_SEARCH_USER_PATHS = NO;
				ASSETCATALOG_COMPILER_GENERATE_SWIFT_ASSET_SYMBOL_EXTENSIONS = YES;
				CLANG_ANALYZER_NONNULL = YES;
				CLANG_ANALYZER_NUMBER_OBJECT_CONVERSION = YES_AGGRESSIVE;
				CLANG_CXX_LANGUAGE_STANDARD = "gnu++20";
				CLANG_ENABLE_MODULES = YES;
				CLANG_ENABLE_OBJC_ARC = YES;
				CLANG_ENABLE_OBJC_WEAK = YES;
				CLANG_WARN_BLOCK_CAPTURE_AUTORELEASING = YES;
				CLANG_WARN_BOOL_CONVERSION = YES;
				CLANG_WARN_COMMA = YES;
				CLANG_WARN_CONSTANT_CONVERSION = YES;
				CLANG_WARN_DEPRECATED_OBJC_IMPLEMENTATIONS = YES;
				CLANG_WARN_DIRECT_OBJC_ISA_USAGE = YES_ERROR;
				CLANG_WARN_DOCUMENTATION_COMMENTS = YES;
				CLANG_WARN_EMPTY_BODY = YES;
				CLANG_WARN_ENUM_CONVERSION = YES;
				CLANG_WARN_INFINITE_RECURSION = YES;
				CLANG_WARN_INT_CONVERSION = YES;
				CLANG_WARN_NON_LITERAL_NULL_CONVERSION = YES;
				CLANG_WARN_OBJC_IMPLICIT_RETAIN_SELF = YES;
				CLANG_WARN_OBJC_LITERAL_CONVERSION = YES;
				CLANG_WARN_OBJC_ROOT_CLASS = YES_ERROR;
				CLANG_WARN_QUOTED_INCLUDE_IN_FRAMEWORK_HEADER = YES;
				CLANG_WARN_RANGE_LOOP_ANALYSIS = YES;
				CLANG_WARN_STRICT_PROTOTYPES = YES;
				CLANG_WARN_SUSPICIOUS_MOVE = YES;
				CLANG_WARN_UNGUARDED_AVAILABILITY = YES_AGGRESSIVE;
				CLANG_WARN_UNREACHABLE_CODE = YES;
				CLANG_WARN__DUPLICATE_METHOD_MATCH = YES;
				COPY_PHASE_STRIP = NO;
				DEBUG_INFORMATION_FORMAT = dwarf;
				ENABLE_STRICT_OBJC_MSGSEND = YES;
				ENABLE_TESTABILITY = YES;
				ENABLE_USER_SCRIPT_SANDBOXING = YES;
				GCC_C_LANGUAGE_STANDARD = gnu17;
				GCC_DYNAMIC_NO_PIC = NO;
				GCC_NO_COMMON_BLOCKS = YES;
				GCC_OPTIMIZATION_LEVEL = 0;
				GCC_PREPROCESSOR_DEFINITIONS = (
					"DEBUG=1",
					"$(inherited)",
				);
				GCC_WARN_64_TO_32_BIT_CONVERSION = YES;
				GCC_WARN_ABOUT_RETURN_TYPE = YES_ERROR;
				GCC_WARN_UNDECLARED_SELECTOR = YES;
				GCC_WARN_UNINITIALIZED_AUTOS = YES_AGGRESSIVE;
				GCC_WARN_UNUSED_FUNCTION = YES;
				GCC_WARN_UNUSED_VARIABLE = YES;
				LOCALIZATION_PREFERS_STRING_CATALOGS = YES;
				MACOSX_DEPLOYMENT_TARGET = 26.4;
				MTL_ENABLE_DEBUG_INFO = INCLUDE_SOURCE;
				MTL_FAST_MATH = YES;
				ONLY_ACTIVE_ARCH = YES;
				SDKROOT = macosx;
				SWIFT_ACTIVE_COMPILATION_CONDITIONS = "DEBUG $(inherited)";
				SWIFT_OPTIMIZATION_LEVEL = "-Onone";
			};
			name = Debug;
		};
		2A48E29F2FAA263E00D5EA60 /* Release */ = {
			isa = XCBuildConfiguration;
			buildSettings = {
				ALWAYS_SEARCH_USER_PATHS = NO;
				ASSETCATALOG_COMPILER_GENERATE_SWIFT_ASSET_SYMBOL_EXTENSIONS = YES;
				CLANG_ANALYZER_NONNULL = YES;
				CLANG_ANALYZER_NUMBER_OBJECT_CONVERSION = YES_AGGRESSIVE;
				CLANG_CXX_LANGUAGE_STANDARD = "gnu++20";
				CLANG_ENABLE_MODULES = YES;
				CLANG_ENABLE_OBJC_ARC = YES;
				CLANG_ENABLE_OBJC_WEAK = YES;
				CLANG_WARN_BLOCK_CAPTURE_AUTORELEASING = YES;
				CLANG_WARN_BOOL_CONVERSION = YES;
				CLANG_WARN_COMMA = YES;
				CLANG_WARN_CONSTANT_CONVERSION = YES;
				CLANG_WARN_DEPRECATED_OBJC_IMPLEMENTATIONS = YES;
				CLANG_WARN_DIRECT_OBJC_ISA_USAGE = YES_ERROR;
				CLANG_WARN_DOCUMENTATION_COMMENTS = YES;
				CLANG_WARN_EMPTY_BODY = YES;
				CLANG_WARN_ENUM_CONVERSION = YES;
				CLANG_WARN_INFINITE_RECURSION = YES;
				CLANG_WARN_INT_CONVERSION = YES;
				CLANG_WARN_NON_LITERAL_NULL_CONVERSION = YES;
				CLANG_WARN_OBJC_IMPLICIT_RETAIN_SELF = YES;
				CLANG_WARN_OBJC_LITERAL_CONVERSION = YES;
				CLANG_WARN_OBJC_ROOT_CLASS = YES_ERROR;
				CLANG_WARN_QUOTED_INCLUDE_IN_FRAMEWORK_HEADER = YES;
				CLANG_WARN_RANGE_LOOP_ANALYSIS = YES;
				CLANG_WARN_STRICT_PROTOTYPES = YES;
				CLANG_WARN_SUSPICIOUS_MOVE = YES;
				CLANG_WARN_UNGUARDED_AVAILABILITY = YES_AGGRESSIVE;
				CLANG_WARN_UNREACHABLE_CODE = YES;
				CLANG_WARN__DUPLICATE_METHOD_MATCH = YES;
				COPY_PHASE_STRIP = NO;
				DEBUG_INFORMATION_FORMAT = "dwarf-with-dsym";
				ENABLE_NS_ASSERTIONS = NO;
				ENABLE_STRICT_OBJC_MSGSEND = YES;
				ENABLE_USER_SCRIPT_SANDBOXING = YES;
				GCC_C_LANGUAGE_STANDARD = gnu17;
				GCC_NO_COMMON_BLOCKS = YES;
				GCC_WARN_64_TO_32_BIT_CONVERSION = YES;
				GCC_WARN_ABOUT_RETURN_TYPE = YES_ERROR;
				GCC_WARN_UNDECLARED_SELECTOR = YES;
				GCC_WARN_UNINITIALIZED_AUTOS = YES_AGGRESSIVE;
				GCC_WARN_UNUSED_FUNCTION = YES;
				GCC_WARN_UNUSED_VARIABLE = YES;
				LOCALIZATION_PREFERS_STRING_CATALOGS = YES;
				MACOSX_DEPLOYMENT_TARGET = 26.4;
				MTL_ENABLE_DEBUG_INFO = NO;
				MTL_FAST_MATH = YES;
				SDKROOT = macosx;
				SWIFT_COMPILATION_MODE = wholemodule;
			};
			name = Release;
		};
		2A48E2A12FAA263E00D5EA60 /* Debug */ = {
			isa = XCBuildConfiguration;
			buildSettings = {
				CODE_SIGN_STYLE = Automatic;
				CURRENT_PROJECT_VERSION = 1;
				ENABLE_APP_SANDBOX = YES;
				ENABLE_HARDENED_RUNTIME = YES;
				ENABLE_USER_SELECTED_FILES = readonly;
				GENERATE_INFOPLIST_FILE = YES;
				INFOPLIST_FILE = "AssetSonar Activity Monitor Extension/Info.plist";
				INFOPLIST_KEY_CFBundleDisplayName = "AssetSonar Activity Monitor Extension";
				INFOPLIST_KEY_NSHumanReadableCopyright = "";
				LD_RUNPATH_SEARCH_PATHS = (
					"$(inherited)",
					"@executable_path/../Frameworks",
					"@executable_path/../../../../Frameworks",
				);
				MACOSX_DEPLOYMENT_TARGET = 10.14;
				MARKETING_VERSION = 1.0;
				OTHER_LDFLAGS = (
					"-framework",
					SafariServices,
				);
				PRODUCT_BUNDLE_IDENTIFIER = "io.ezo.AssetSonar-Activity-Monitor.Extension";
				PRODUCT_NAME = "$(TARGET_NAME)";
				SKIP_INSTALL = YES;
				STRING_CATALOG_GENERATE_SYMBOLS = YES;
				SWIFT_APPROACHABLE_CONCURRENCY = YES;
				SWIFT_EMIT_LOC_STRINGS = YES;
				SWIFT_UPCOMING_FEATURE_MEMBER_IMPORT_VISIBILITY = YES;
				SWIFT_VERSION = 5.0;
			};
			name = Debug;
		};
		2A48E2A22FAA263E00D5EA60 /* Release */ = {
			isa = XCBuildConfiguration;
			buildSettings = {
				CODE_SIGN_STYLE = Automatic;
				CURRENT_PROJECT_VERSION = 1;
				ENABLE_APP_SANDBOX = YES;
				ENABLE_HARDENED_RUNTIME = YES;
				ENABLE_USER_SELECTED_FILES = readonly;
				GENERATE_INFOPLIST_FILE = YES;
				INFOPLIST_FILE = "AssetSonar Activity Monitor Extension/Info.plist";
				INFOPLIST_KEY_CFBundleDisplayName = "AssetSonar Activity Monitor Extension";
				INFOPLIST_KEY_NSHumanReadableCopyright = "";
				LD_RUNPATH_SEARCH_PATHS = (
					"$(inherited)",
					"@executable_path/../Frameworks",
					"@executable_path/../../../../Frameworks",
				);
				MACOSX_DEPLOYMENT_TARGET = 10.14;
				MARKETING_VERSION = 1.0;
				OTHER_LDFLAGS = (
					"-framework",
					SafariServices,
				);
				PRODUCT_BUNDLE_IDENTIFIER = "io.ezo.AssetSonar-Activity-Monitor.Extension";
				PRODUCT_NAME = "$(TARGET_NAME)";
				SKIP_INSTALL = YES;
				STRING_CATALOG_GENERATE_SYMBOLS = YES;
				SWIFT_APPROACHABLE_CONCURRENCY = YES;
				SWIFT_EMIT_LOC_STRINGS = YES;
				SWIFT_UPCOMING_FEATURE_MEMBER_IMPORT_VISIBILITY = YES;
				SWIFT_VERSION = 5.0;
			};
			name = Release;
		};
		2A48E2A52FAA263E00D5EA60 /* Debug */ = {
			isa = XCBuildConfiguration;
			buildSettings = {
				ASSETCATALOG_COMPILER_APPICON_NAME = AppIcon;
				ASSETCATALOG_COMPILER_GLOBAL_ACCENT_COLOR_NAME = AccentColor;
				CODE_SIGN_STYLE = Automatic;
				COMBINE_HIDPI_IMAGES = YES;
				CURRENT_PROJECT_VERSION = 1;
				ENABLE_APP_SANDBOX = YES;
				ENABLE_HARDENED_RUNTIME = YES;
				ENABLE_OUTGOING_NETWORK_CONNECTIONS = YES;
				ENABLE_USER_SELECTED_FILES = readonly;
				GENERATE_INFOPLIST_FILE = YES;
				INFOPLIST_FILE = "AssetSonar Activity Monitor/Info.plist";
				INFOPLIST_KEY_CFBundleDisplayName = "AssetSonar Activity Monitor";
				INFOPLIST_KEY_NSHumanReadableCopyright = "";
				INFOPLIST_KEY_NSMainStoryboardFile = Main;
				INFOPLIST_KEY_NSPrincipalClass = NSApplication;
				LD_RUNPATH_SEARCH_PATHS = (
					"$(inherited)",
					"@executable_path/../Frameworks",
				);
				MARKETING_VERSION = 1.0;
				OTHER_LDFLAGS = (
					"-framework",
					SafariServices,
					"-framework",
					WebKit,
				);
				PRODUCT_BUNDLE_IDENTIFIER = "io.ezo.AssetSonar-Activity-Monitor";
				PRODUCT_NAME = "$(TARGET_NAME)";
				REGISTER_APP_GROUPS = YES;
				STRING_CATALOG_GENERATE_SYMBOLS = YES;
				SWIFT_APPROACHABLE_CONCURRENCY = YES;
				SWIFT_DEFAULT_ACTOR_ISOLATION = MainActor;
				SWIFT_EMIT_LOC_STRINGS = YES;
				SWIFT_UPCOMING_FEATURE_MEMBER_IMPORT_VISIBILITY = YES;
				SWIFT_VERSION = 5.0;
			};
			name = Debug;
		};
		2A48E2A62FAA263E00D5EA60 /* Release */ = {
			isa = XCBuildConfiguration;
			buildSettings = {
				ASSETCATALOG_COMPILER_APPICON_NAME = AppIcon;
				ASSETCATALOG_COMPILER_GLOBAL_ACCENT_COLOR_NAME = AccentColor;
				CODE_SIGN_STYLE = Automatic;
				COMBINE_HIDPI_IMAGES = YES;
				CURRENT_PROJECT_VERSION = 1;
				ENABLE_APP_SANDBOX = YES;
				ENABLE_HARDENED_RUNTIME = YES;
				ENABLE_OUTGOING_NETWORK_CONNECTIONS = YES;
				ENABLE_USER_SELECTED_FILES = readonly;
				GENERATE_INFOPLIST_FILE = YES;
				INFOPLIST_FILE = "AssetSonar Activity Monitor/Info.plist";
				INFOPLIST_KEY_CFBundleDisplayName = "AssetSonar Activity Monitor";
				INFOPLIST_KEY_NSHumanReadableCopyright = "";
				INFOPLIST_KEY_NSMainStoryboardFile = Main;
				INFOPLIST_KEY_NSPrincipalClass = NSApplication;
				LD_RUNPATH_SEARCH_PATHS = (
					"$(inherited)",
					"@executable_path/../Frameworks",
				);
				MARKETING_VERSION = 1.0;
				OTHER_LDFLAGS = (
					"-framework",
					SafariServices,
					"-framework",
					WebKit,
				);
				PRODUCT_BUNDLE_IDENTIFIER = "io.ezo.AssetSonar-Activity-Monitor";
				PRODUCT_NAME = "$(TARGET_NAME)";
				REGISTER_APP_GROUPS = YES;
				STRING_CATALOG_GENERATE_SYMBOLS = YES;
				SWIFT_APPROACHABLE_CONCURRENCY = YES;
				SWIFT_DEFAULT_ACTOR_ISOLATION = MainActor;
				SWIFT_EMIT_LOC_STRINGS = YES;
				SWIFT_UPCOMING_FEATURE_MEMBER_IMPORT_VISIBILITY = YES;
				SWIFT_VERSION = 5.0;
			};
			name = Release;
		};
/* End XCBuildConfiguration section */

/* Begin XCConfigurationList section */
		2A48E2762FAA263D00D5EA60 /* Build configuration list for PBXProject "AssetSonar Activity Monitor" */ = {
			isa = XCConfigurationList;
			buildConfigurations = (
				2A48E29E2FAA263E00D5EA60 /* Debug */,
				2A48E29F2FAA263E00D5EA60 /* Release */,
			);
			defaultConfigurationIsVisible = 0;
			defaultConfigurationName = Release;
		};
		2A48E2A02FAA263E00D5EA60 /* Build configuration list for PBXNativeTarget "AssetSonar Activity Monitor Extension" */ = {
			isa = XCConfigurationList;
			buildConfigurations = (
				2A48E2A12FAA263E00D5EA60 /* Debug */,
				2A48E2A22FAA263E00D5EA60 /* Release */,
			);
			defaultConfigurationIsVisible = 0;
			defaultConfigurationName = Release;
		};
		2A48E2A42FAA263E00D5EA60 /* Build configuration list for PBXNativeTarget "AssetSonar Activity Monitor" */ = {
			isa = XCConfigurationList;
			buildConfigurations = (
				2A48E2A52FAA263E00D5EA60 /* Debug */,
				2A48E2A62FAA263E00D5EA60 /* Release */,
			);
			defaultConfigurationIsVisible = 0;
			defaultConfigurationName = Release;
		};
/* End XCConfigurationList section */
	};
	rootObject = 2A48E2732FAA263D00D5EA60 /* Project object */;
}
