// !$*UTF8*$!
{
	archiveVersion = 1;
	classes = {
	};
	objectVersion = 77;
	objects = {

/* Begin PBXBuildFile section */
		2ADDD8AC2FA9DE5F00667468 /* AppDelegate.swift in Sources */ = {isa = PBXBuildFile; fileRef = 2ADDD8AB2FA9DE5F00667468 /* AppDelegate.swift */; };
		2ADDD8B02FA9DE5F00667468 /* Main.html in Resources */ = {isa = PBXBuildFile; fileRef = 2ADDD8AE2FA9DE5F00667468 /* Main.html */; };
		2ADDD8B22FA9DE5F00667468 /* Icon.png in Resources */ = {isa = PBXBuildFile; fileRef = 2ADDD8B12FA9DE5F00667468 /* Icon.png */; };
		2ADDD8B42FA9DE5F00667468 /* Style.css in Resources */ = {isa = PBXBuildFile; fileRef = 2ADDD8B32FA9DE5F00667468 /* Style.css */; };
		2ADDD8B62FA9DE5F00667468 /* Script.js in Resources */ = {isa = PBXBuildFile; fileRef = 2ADDD8B52FA9DE5F00667468 /* Script.js */; };
		2ADDD8B82FA9DE5F00667468 /* ViewController.swift in Sources */ = {isa = PBXBuildFile; fileRef = 2ADDD8B72FA9DE5F00667468 /* ViewController.swift */; };
		2ADDD8BB2FA9DE5F00667468 /* Main.storyboard in Resources */ = {isa = PBXBuildFile; fileRef = 2ADDD8B92FA9DE5F00667468 /* Main.storyboard */; };
		2ADDD8BD2FA9DE6000667468 /* Assets.xcassets in Resources */ = {isa = PBXBuildFile; fileRef = 2ADDD8BC2FA9DE6000667468 /* Assets.xcassets */; };
		2ADDD8C42FA9DE6000667468 /* AssetSonar Browser Activity Monitor Extension.appex in Embed Foundation Extensions */ = {isa = PBXBuildFile; fileRef = 2ADDD8C32FA9DE6000667468 /* AssetSonar Browser Activity Monitor Extension.appex */; settings = {ATTRIBUTES = (RemoveHeadersOnCopy, ); }; };
		2ADDD8C92FA9DE6000667468 /* SafariWebExtensionHandler.swift in Sources */ = {isa = PBXBuildFile; fileRef = 2ADDD8C82FA9DE6000667468 /* SafariWebExtensionHandler.swift */; };
		2ADDD8DC2FA9DE6000667468 /* logo-128.png in Resources */ = {isa = PBXBuildFile; fileRef = 2ADDD8D52FA9DE6000667468 /* logo-128.png */; };
		2ADDD8DD2FA9DE6000667468 /* index.css in Resources */ = {isa = PBXBuildFile; fileRef = 2ADDD8D62FA9DE6000667468 /* index.css */; };
		2ADDD8DE2FA9DE6000667468 /* index2.css in Resources */ = {isa = PBXBuildFile; fileRef = 2ADDD8D72FA9DE6000667468 /* index2.css */; };
		2ADDD8DF2FA9DE6000667468 /* manifest.json in Resources */ = {isa = PBXBuildFile; fileRef = 2ADDD8D82FA9DE6000667468 /* manifest.json */; };
		2ADDD8E02FA9DE6000667468 /* schema.json in Resources */ = {isa = PBXBuildFile; fileRef = 2ADDD8D92FA9DE6000667468 /* schema.json */; };
		2ADDD8E12FA9DE6000667468 /* storage.js in Resources */ = {isa = PBXBuildFile; fileRef = 2ADDD8DA2FA9DE6000667468 /* storage.js */; };
		2ADDD8E22FA9DE6000667468 /* src in Resources */ = {isa = PBXBuildFile; fileRef = 2ADDD8DB2FA9DE6000667468 /* src */; };
/* End PBXBuildFile section */

/* Begin PBXContainerItemProxy section */
		2ADDD8C52FA9DE6000667468 /* PBXContainerItemProxy */ = {
			isa = PBXContainerItemProxy;
			containerPortal = 2ADDD8A02FA9DE5F00667468 /* Project object */;
			proxyType = 1;
			remoteGlobalIDString = 2ADDD8C22FA9DE6000667468;
			remoteInfo = "AssetSonar Browser Activity Monitor Extension";
		};
/* End PBXContainerItemProxy section */

/* Begin PBXCopyFilesBuildPhase section */
		2ADDD8D02FA9DE6000667468 /* Embed Foundation Extensions */ = {
			isa = PBXCopyFilesBuildPhase;
			buildActionMask = 2147483647;
			dstPath = "";
			dstSubfolderSpec = 13;
			files = (
				2ADDD8C42FA9DE6000667468 /* AssetSonar Browser Activity Monitor Extension.appex in Embed Foundation Extensions */,
			);
			name = "Embed Foundation Extensions";
			runOnlyForDeploymentPostprocessing = 0;
		};
/* End PBXCopyFilesBuildPhase section */

/* Begin PBXFileReference section */
		2ADDD8A82FA9DE5F00667468 /* AssetSonar Browser Activity Monitor.app */ = {isa = PBXFileReference; explicitFileType = wrapper.application; includeInIndex = 0; path = "AssetSonar Browser Activity Monitor.app"; sourceTree = BUILT_PRODUCTS_DIR; };
		2ADDD8AB2FA9DE5F00667468 /* AppDelegate.swift */ = {isa = PBXFileReference; lastKnownFileType = sourcecode.swift; path = AppDelegate.swift; sourceTree = "<group>"; };
		2ADDD8AF2FA9DE5F00667468 /* Base */ = {isa = PBXFileReference; lastKnownFileType = text.html; name = Base; path = Base.lproj/Main.html; sourceTree = "<group>"; };
		2ADDD8B12FA9DE5F00667468 /* Icon.png */ = {isa = PBXFileReference; lastKnownFileType = image.png; path = Icon.png; sourceTree = "<group>"; };
		2ADDD8B32FA9DE5F00667468 /* Style.css */ = {isa = PBXFileReference; lastKnownFileType = text.css; path = Style.css; sourceTree = "<group>"; };
		2ADDD8B52FA9DE5F00667468 /* Script.js */ = {isa = PBXFileReference; lastKnownFileType = sourcecode.javascript; path = Script.js; sourceTree = "<group>"; };
		2ADDD8B72FA9DE5F00667468 /* ViewController.swift */ = {isa = PBXFileReference; lastKnownFileType = sourcecode.swift; path = ViewController.swift; sourceTree = "<group>"; };
		2ADDD8BA2FA9DE5F00667468 /* Base */ = {isa = PBXFileReference; lastKnownFileType = file.storyboard; name = Base; path = Base.lproj/Main.storyboard; sourceTree = "<group>"; };
		2ADDD8BC2FA9DE6000667468 /* Assets.xcassets */ = {isa = PBXFileReference; lastKnownFileType = folder.assetcatalog; path = Assets.xcassets; sourceTree = "<group>"; };
		2ADDD8BE2FA9DE6000667468 /* Info.plist */ = {isa = PBXFileReference; lastKnownFileType = text.plist.xml; path = Info.plist; sourceTree = "<group>"; };
		2ADDD8C32FA9DE6000667468 /* AssetSonar Browser Activity Monitor Extension.appex */ = {isa = PBXFileReference; explicitFileType = "wrapper.app-extension"; includeInIndex = 0; path = "AssetSonar Browser Activity Monitor Extension.appex"; sourceTree = BUILT_PRODUCTS_DIR; };
		2ADDD8C82FA9DE6000667468 /* SafariWebExtensionHandler.swift */ = {isa = PBXFileReference; lastKnownFileType = sourcecode.swift; path = SafariWebExtensionHandler.swift; sourceTree = "<group>"; };
		2ADDD8CA2FA9DE6000667468 /* Info.plist */ = {isa = PBXFileReference; lastKnownFileType = text.plist.xml; path = Info.plist; sourceTree = "<group>"; };
		2ADDD8D52FA9DE6000667468 /* logo-128.png */ = {isa = PBXFileReference; lastKnownFileType = image.png; name = "logo-128.png"; path = "../../build/logo-128.png"; sourceTree = "<group>"; };
		2ADDD8D62FA9DE6000667468 /* index.css */ = {isa = PBXFileReference; lastKnownFileType = text.css; name = index.css; path = ../../build/index.css; sourceTree = "<group>"; };
		2ADDD8D72FA9DE6000667468 /* index2.css */ = {isa = PBXFileReference; lastKnownFileType = text.css; name = index2.css; path = ../../build/index2.css; sourceTree = "<group>"; };
		2ADDD8D82FA9DE6000667468 /* manifest.json */ = {isa = PBXFileReference; lastKnownFileType = text.json; name = manifest.json; path = ../../build/manifest.json; sourceTree = "<group>"; };
		2ADDD8D92FA9DE6000667468 /* schema.json */ = {isa = PBXFileReference; lastKnownFileType = text.json; name = schema.json; path = ../../build/schema.json; sourceTree = "<group>"; };
		2ADDD8DA2FA9DE6000667468 /* storage.js */ = {isa = PBXFileReference; lastKnownFileType = sourcecode.javascript; name = storage.js; path = ../../build/storage.js; sourceTree = "<group>"; };
		2ADDD8DB2FA9DE6000667468 /* src */ = {isa = PBXFileReference; lastKnownFileType = folder; name = src; path = ../../build/src; sourceTree = "<group>"; };
/* End PBXFileReference section */

/* Begin PBXFrameworksBuildPhase section */
		2ADDD8A52FA9DE5F00667468 /* Frameworks */ = {
			isa = PBXFrameworksBuildPhase;
			buildActionMask = 2147483647;
			files = (
			);
			runOnlyForDeploymentPostprocessing = 0;
		};
		2ADDD8C02FA9DE6000667468 /* Frameworks */ = {
			isa = PBXFrameworksBuildPhase;
			buildActionMask = 2147483647;
			files = (
			);
			runOnlyForDeploymentPostprocessing = 0;
		};
/* End PBXFrameworksBuildPhase section */

/* Begin PBXGroup section */
		2ADDD89F2FA9DE5F00667468 = {
			isa = PBXGroup;
			children = (
				2ADDD8AA2FA9DE5F00667468 /* AssetSonar Browser Activity Monitor */,
				2ADDD8C72FA9DE6000667468 /* AssetSonar Browser Activity Monitor Extension */,
				2ADDD8A92FA9DE5F00667468 /* Products */,
			);
			sourceTree = "<group>";
		};
		2ADDD8A92FA9DE5F00667468 /* Products */ = {
			isa = PBXGroup;
			children = (
				2ADDD8A82FA9DE5F00667468 /* AssetSonar Browser Activity Monitor.app */,
				2ADDD8C32FA9DE6000667468 /* AssetSonar Browser Activity Monitor Extension.appex */,
			);
			name = Products;
			sourceTree = "<group>";
		};
		2ADDD8AA2FA9DE5F00667468 /* AssetSonar Browser Activity Monitor */ = {
			isa = PBXGroup;
			children = (
				2ADDD8AB2FA9DE5F00667468 /* AppDelegate.swift */,
				2ADDD8B72FA9DE5F00667468 /* ViewController.swift */,
				2ADDD8B92FA9DE5F00667468 /* Main.storyboard */,
				2ADDD8BC2FA9DE6000667468 /* Assets.xcassets */,
				2ADDD8BE2FA9DE6000667468 /* Info.plist */,
				2ADDD8AD2FA9DE5F00667468 /* Resources */,
			);
			path = "AssetSonar Browser Activity Monitor";
			sourceTree = "<group>";
		};
		2ADDD8AD2FA9DE5F00667468 /* Resources */ = {
			isa = PBXGroup;
			children = (
				2ADDD8AE2FA9DE5F00667468 /* Main.html */,
				2ADDD8B12FA9DE5F00667468 /* Icon.png */,
				2ADDD8B32FA9DE5F00667468 /* Style.css */,
				2ADDD8B52FA9DE5F00667468 /* Script.js */,
			);
			path = Resources;
			sourceTree = "<group>";
		};
		2ADDD8C72FA9DE6000667468 /* AssetSonar Browser Activity Monitor Extension */ = {
			isa = PBXGroup;
			children = (
				2ADDD8D42FA9DE6000667468 /* Resources */,
				2ADDD8C82FA9DE6000667468 /* SafariWebExtensionHandler.swift */,
				2ADDD8CA2FA9DE6000667468 /* Info.plist */,
			);
			path = "AssetSonar Browser Activity Monitor Extension";
			sourceTree = "<group>";
		};
		2ADDD8D42FA9DE6000667468 /* Resources */ = {
			isa = PBXGroup;
			children = (
				2ADDD8D52FA9DE6000667468 /* logo-128.png */,
				2ADDD8D62FA9DE6000667468 /* index.css */,
				2ADDD8D72FA9DE6000667468 /* index2.css */,
				2ADDD8D82FA9DE6000667468 /* manifest.json */,
				2ADDD8D92FA9DE6000667468 /* schema.json */,
				2ADDD8DA2FA9DE6000667468 /* storage.js */,
				2ADDD8DB2FA9DE6000667468 /* src */,
			);
			name = Resources;
			path = "AssetSonar Browser Activity Monitor Extension";
			sourceTree = SOURCE_ROOT;
		};
/* End PBXGroup section */

/* Begin PBXNativeTarget section */
		2ADDD8A72FA9DE5F00667468 /* AssetSonar Browser Activity Monitor */ = {
			isa = PBXNativeTarget;
			buildConfigurationList = 2ADDD8D12FA9DE6000667468 /* Build configuration list for PBXNativeTarget "AssetSonar Browser Activity Monitor" */;
			buildPhases = (
				2ADDD8A42FA9DE5F00667468 /* Sources */,
				2ADDD8A52FA9DE5F00667468 /* Frameworks */,
				2ADDD8A62FA9DE5F00667468 /* Resources */,
				2ADDD8D02FA9DE6000667468 /* Embed Foundation Extensions */,
			);
			buildRules = (
			);
			dependencies = (
				2ADDD8C62FA9DE6000667468 /* PBXTargetDependency */,
			);
			name = "AssetSonar Browser Activity Monitor";
			packageProductDependencies = (
			);
			productName = "AssetSonar Browser Activity Monitor";
			productReference = 2ADDD8A82FA9DE5F00667468 /* AssetSonar Browser Activity Monitor.app */;
			productType = "com.apple.product-type.application";
		};
		2ADDD8C22FA9DE6000667468 /* AssetSonar Browser Activity Monitor Extension */ = {
			isa = PBXNativeTarget;
			buildConfigurationList = 2ADDD8CD2FA9DE6000667468 /* Build configuration list for PBXNativeTarget "AssetSonar Browser Activity Monitor Extension" */;
			buildPhases = (
				2ADDD8BF2FA9DE6000667468 /* Sources */,
				2ADDD8C02FA9DE6000667468 /* Frameworks */,
				2ADDD8C12FA9DE6000667468 /* Resources */,
			);
			buildRules = (
			);
			dependencies = (
			);
			name = "AssetSonar Browser Activity Monitor Extension";
			packageProductDependencies = (
			);
			productName = "AssetSonar Browser Activity Monitor Extension";
			productReference = 2ADDD8C32FA9DE6000667468 /* AssetSonar Browser Activity Monitor Extension.appex */;
			productType = "com.apple.product-type.app-extension";
		};
/* End PBXNativeTarget section */

/* Begin PBXProject section */
		2ADDD8A02FA9DE5F00667468 /* Project object */ = {
			isa = PBXProject;
			attributes = {
				BuildIndependentTargetsInParallel = 1;
				LastSwiftUpdateCheck = 2640;
				LastUpgradeCheck = 2640;
				TargetAttributes = {
					2ADDD8A72FA9DE5F00667468 = {
						CreatedOnToolsVersion = 26.4.1;
					};
					2ADDD8C22FA9DE6000667468 = {
						CreatedOnToolsVersion = 26.4.1;
					};
				};
			};
			buildConfigurationList = 2ADDD8A32FA9DE5F00667468 /* Build configuration list for PBXProject "AssetSonar Browser Activity Monitor" */;
			developmentRegion = en;
			hasScannedForEncodings = 0;
			knownRegions = (
				en,
				Base,
			);
			mainGroup = 2ADDD89F2FA9DE5F00667468;
			minimizedProjectReferenceProxies = 1;
			preferredProjectObjectVersion = 77;
			productRefGroup = 2ADDD8A92FA9DE5F00667468 /* Products */;
			projectDirPath = "";
			projectRoot = "";
			targets = (
				2ADDD8A72FA9DE5F00667468 /* AssetSonar Browser Activity Monitor */,
				2ADDD8C22FA9DE6000667468 /* AssetSonar Browser Activity Monitor Extension */,
			);
		};
/* End PBXProject section */

/* Begin PBXResourcesBuildPhase section */
		2ADDD8A62FA9DE5F00667468 /* Resources */ = {
			isa = PBXResourcesBuildPhase;
			buildActionMask = 2147483647;
			files = (
				2ADDD8B22FA9DE5F00667468 /* Icon.png in Resources */,
				2ADDD8BB2FA9DE5F00667468 /* Main.storyboard in Resources */,
				2ADDD8B62FA9DE5F00667468 /* Script.js in Resources */,
				2ADDD8B02FA9DE5F00667468 /* Main.html in Resources */,
				2ADDD8BD2FA9DE6000667468 /* Assets.xcassets in Resources */,
				2ADDD8B42FA9DE5F00667468 /* Style.css in Resources */,
			);
			runOnlyForDeploymentPostprocessing = 0;
		};
		2ADDD8C12FA9DE6000667468 /* Resources */ = {
			isa = PBXResourcesBuildPhase;
			buildActionMask = 2147483647;
			files = (
				2ADDD8DF2FA9DE6000667468 /* manifest.json in Resources */,
				2ADDD8E02FA9DE6000667468 /* schema.json in Resources */,
				2ADDD8E12FA9DE6000667468 /* storage.js in Resources */,
				2ADDD8DD2FA9DE6000667468 /* index.css in Resources */,
				2ADDD8DC2FA9DE6000667468 /* logo-128.png in Resources */,
				2ADDD8E22FA9DE6000667468 /* src in Resources */,
				2ADDD8DE2FA9DE6000667468 /* index2.css in Resources */,
			);
			runOnlyForDeploymentPostprocessing = 0;
		};
/* End PBXResourcesBuildPhase section */

/* Begin PBXSourcesBuildPhase section */
		2ADDD8A42FA9DE5F00667468 /* Sources */ = {
			isa = PBXSourcesBuildPhase;
			buildActionMask = 2147483647;
			files = (
				2ADDD8B82FA9DE5F00667468 /* ViewController.swift in Sources */,
				2ADDD8AC2FA9DE5F00667468 /* AppDelegate.swift in Sources */,
			);
			runOnlyForDeploymentPostprocessing = 0;
		};
		2ADDD8BF2FA9DE6000667468 /* Sources */ = {
			isa = PBXSourcesBuildPhase;
			buildActionMask = 2147483647;
			files = (
				2ADDD8C92FA9DE6000667468 /* SafariWebExtensionHandler.swift in Sources */,
			);
			runOnlyForDeploymentPostprocessing = 0;
		};
/* End PBXSourcesBuildPhase section */

/* Begin PBXTargetDependency section */
		2ADDD8C62FA9DE6000667468 /* PBXTargetDependency */ = {
			isa = PBXTargetDependency;
			target = 2ADDD8C22FA9DE6000667468 /* AssetSonar Browser Activity Monitor Extension */;
			targetProxy = 2ADDD8C52FA9DE6000667468 /* PBXContainerItemProxy */;
		};
/* End PBXTargetDependency section */

/* Begin PBXVariantGroup section */
		2ADDD8AE2FA9DE5F00667468 /* Main.html */ = {
			isa = PBXVariantGroup;
			children = (
				2ADDD8AF2FA9DE5F00667468 /* Base */,
			);
			name = Main.html;
			sourceTree = "<group>";
		};
		2ADDD8B92FA9DE5F00667468 /* Main.storyboard */ = {
			isa = PBXVariantGroup;
			children = (
				2ADDD8BA2FA9DE5F00667468 /* Base */,
			);
			name = Main.storyboard;
			sourceTree = "<group>";
		};
/* End PBXVariantGroup section */

/* Begin XCBuildConfiguration section */
		2ADDD8CB2FA9DE6000667468 /* Debug */ = {
			isa = XCBuildConfiguration;
			buildSettings = {
				ALWAYS_SEARCH_USER_PATHS = NO;
				ASSETCATALOG_COMPILER_GENERATE_SWIFT_ASSET_SYMBOL_EXTENSIONS = YES;
				CLANG_ANALYZER_NONNULL = YES;
				CLANG_ANALYZER_NUMBER_OBJECT_CONVERSION = YES_AGGRESSIVE;
				CLANG_CXX_LANGUAGE_STANDARD = "gnu++20";
				CLANG_ENABLE_MODULES = YES;
				CLANG_ENABLE_OBJC_ARC = YES;
				CLANG_ENABLE_OBJC_WEAK = YES;
				CLANG_WARN_BLOCK_CAPTURE_AUTORELEASING = YES;
				CLANG_WARN_BOOL_CONVERSION = YES;
				CLANG_WARN_COMMA = YES;
				CLANG_WARN_CONSTANT_CONVERSION = YES;
				CLANG_WARN_DEPRECATED_OBJC_IMPLEMENTATIONS = YES;
				CLANG_WARN_DIRECT_OBJC_ISA_USAGE = YES_ERROR;
				CLANG_WARN_DOCUMENTATION_COMMENTS = YES;
				CLANG_WARN_EMPTY_BODY = YES;
				CLANG_WARN_ENUM_CONVERSION = YES;
				CLANG_WARN_INFINITE_RECURSION = YES;
				CLANG_WARN_INT_CONVERSION = YES;
				CLANG_WARN_NON_LITERAL_NULL_CONVERSION = YES;
				CLANG_WARN_OBJC_IMPLICIT_RETAIN_SELF = YES;
				CLANG_WARN_OBJC_LITERAL_CONVERSION = YES;
				CLANG_WARN_OBJC_ROOT_CLASS = YES_ERROR;
				CLANG_WARN_QUOTED_INCLUDE_IN_FRAMEWORK_HEADER = YES;
				CLANG_WARN_RANGE_LOOP_ANALYSIS = YES;
				CLANG_WARN_STRICT_PROTOTYPES = YES;
				CLANG_WARN_SUSPICIOUS_MOVE = YES;
				CLANG_WARN_UNGUARDED_AVAILABILITY = YES_AGGRESSIVE;
				CLANG_WARN_UNREACHABLE_CODE = YES;
				CLANG_WARN__DUPLICATE_METHOD_MATCH = YES;
				COPY_PHASE_STRIP = NO;
				DEBUG_INFORMATION_FORMAT = dwarf;
				ENABLE_STRICT_OBJC_MSGSEND = YES;
				ENABLE_TESTABILITY = YES;
				ENABLE_USER_SCRIPT_SANDBOXING = YES;
				GCC_C_LANGUAGE_STANDARD = gnu17;
				GCC_DYNAMIC_NO_PIC = NO;
				GCC_NO_COMMON_BLOCKS = YES;
				GCC_OPTIMIZATION_LEVEL = 0;
				GCC_PREPROCESSOR_DEFINITIONS = (
					"DEBUG=1",
					"$(inherited)",
				);
				GCC_WARN_64_TO_32_BIT_CONVERSION = YES;
				GCC_WARN_ABOUT_RETURN_TYPE = YES_ERROR;
				GCC_WARN_UNDECLARED_SELECTOR = YES;
				GCC_WARN_UNINITIALIZED_AUTOS = YES_AGGRESSIVE;
				GCC_WARN_UNUSED_FUNCTION = YES;
				GCC_WARN_UNUSED_VARIABLE = YES;
				LOCALIZATION_PREFERS_STRING_CATALOGS = YES;
				MACOSX_DEPLOYMENT_TARGET = 26.4;
				MTL_ENABLE_DEBUG_INFO = INCLUDE_SOURCE;
				MTL_FAST_MATH = YES;
				ONLY_ACTIVE_ARCH = YES;
				SDKROOT = macosx;
				SWIFT_ACTIVE_COMPILATION_CONDITIONS = "DEBUG $(inherited)";
				SWIFT_OPTIMIZATION_LEVEL = "-Onone";
			};
			name = Debug;
		};
		2ADDD8CC2FA9DE6000667468 /* Release */ = {
			isa = XCBuildConfiguration;
			buildSettings = {
				ALWAYS_SEARCH_USER_PATHS = NO;
				ASSETCATALOG_COMPILER_GENERATE_SWIFT_ASSET_SYMBOL_EXTENSIONS = YES;
				CLANG_ANALYZER_NONNULL = YES;
				CLANG_ANALYZER_NUMBER_OBJECT_CONVERSION = YES_AGGRESSIVE;
				CLANG_CXX_LANGUAGE_STANDARD = "gnu++20";
				CLANG_ENABLE_MODULES = YES;
				CLANG_ENABLE_OBJC_ARC = YES;
				CLANG_ENABLE_OBJC_WEAK = YES;
				CLANG_WARN_BLOCK_CAPTURE_AUTORELEASING = YES;
				CLANG_WARN_BOOL_CONVERSION = YES;
				CLANG_WARN_COMMA = YES;
				CLANG_WARN_CONSTANT_CONVERSION = YES;
				CLANG_WARN_DEPRECATED_OBJC_IMPLEMENTATIONS = YES;
				CLANG_WARN_DIRECT_OBJC_ISA_USAGE = YES_ERROR;
				CLANG_WARN_DOCUMENTATION_COMMENTS = YES;
				CLANG_WARN_EMPTY_BODY = YES;
				CLANG_WARN_ENUM_CONVERSION = YES;
				CLANG_WARN_INFINITE_RECURSION = YES;
				CLANG_WARN_INT_CONVERSION = YES;
				CLANG_WARN_NON_LITERAL_NULL_CONVERSION = YES;
				CLANG_WARN_OBJC_IMPLICIT_RETAIN_SELF = YES;
				CLANG_WARN_OBJC_LITERAL_CONVERSION = YES;
				CLANG_WARN_OBJC_ROOT_CLASS = YES_ERROR;
				CLANG_WARN_QUOTED_INCLUDE_IN_FRAMEWORK_HEADER = YES;
				CLANG_WARN_RANGE_LOOP_ANALYSIS = YES;
				CLANG_WARN_STRICT_PROTOTYPES = YES;
				CLANG_WARN_SUSPICIOUS_MOVE = YES;
				CLANG_WARN_UNGUARDED_AVAILABILITY = YES_AGGRESSIVE;
				CLANG_WARN_UNREACHABLE_CODE = YES;
				CLANG_WARN__DUPLICATE_METHOD_MATCH = YES;
				COPY_PHASE_STRIP = NO;
				DEBUG_INFORMATION_FORMAT = "dwarf-with-dsym";
				ENABLE_NS_ASSERTIONS = NO;
				ENABLE_STRICT_OBJC_MSGSEND = YES;
				ENABLE_USER_SCRIPT_SANDBOXING = YES;
				GCC_C_LANGUAGE_STANDARD = gnu17;
				GCC_NO_COMMON_BLOCKS = YES;
				GCC_WARN_64_TO_32_BIT_CONVERSION = YES;
				GCC_WARN_ABOUT_RETURN_TYPE = YES_ERROR;
				GCC_WARN_UNDECLARED_SELECTOR = YES;
				GCC_WARN_UNINITIALIZED_AUTOS = YES_AGGRESSIVE;
				GCC_WARN_UNUSED_FUNCTION = YES;
				GCC_WARN_UNUSED_VARIABLE = YES;
				LOCALIZATION_PREFERS_STRING_CATALOGS = YES;
				MACOSX_DEPLOYMENT_TARGET = 26.4;
				MTL_ENABLE_DEBUG_INFO = NO;
				MTL_FAST_MATH = YES;
				SDKROOT = macosx;
				SWIFT_COMPILATION_MODE = wholemodule;
			};
			name = Release;
		};
		2ADDD8CE2FA9DE6000667468 /* Debug */ = {
			isa = XCBuildConfiguration;
			buildSettings = {
				CODE_SIGN_STYLE = Automatic;
				CURRENT_PROJECT_VERSION = 1;
				ENABLE_APP_SANDBOX = YES;
				ENABLE_HARDENED_RUNTIME = YES;
				ENABLE_USER_SELECTED_FILES = readonly;
				GENERATE_INFOPLIST_FILE = YES;
				INFOPLIST_FILE = "AssetSonar Browser Activity Monitor Extension/Info.plist";
				INFOPLIST_KEY_CFBundleDisplayName = "AssetSonar Browser Activity Monitor Extension";
				INFOPLIST_KEY_NSHumanReadableCopyright = "";
				LD_RUNPATH_SEARCH_PATHS = (
					"$(inherited)",
					"@executable_path/../Frameworks",
					"@executable_path/../../../../Frameworks",
				);
				MACOSX_DEPLOYMENT_TARGET = 10.14;
				MARKETING_VERSION = 1.0;
				OTHER_LDFLAGS = (
					"-framework",
					SafariServices,
				);
				PRODUCT_BUNDLE_IDENTIFIER = "com.yourCompany.AssetSonar-Browser-Activity-Monitor.Extension";
				PRODUCT_NAME = "$(TARGET_NAME)";
				SKIP_INSTALL = YES;
				STRING_CATALOG_GENERATE_SYMBOLS = YES;
				SWIFT_APPROACHABLE_CONCURRENCY = YES;
				SWIFT_EMIT_LOC_STRINGS = YES;
				SWIFT_UPCOMING_FEATURE_MEMBER_IMPORT_VISIBILITY = YES;
				SWIFT_VERSION = 5.0;
			};
			name = Debug;
		};
		2ADDD8CF2FA9DE6000667468 /* Release */ = {
			isa = XCBuildConfiguration;
			buildSettings = {
				CODE_SIGN_STYLE = Automatic;
				CURRENT_PROJECT_VERSION = 1;
				ENABLE_APP_SANDBOX = YES;
				ENABLE_HARDENED_RUNTIME = YES;
				ENABLE_USER_SELECTED_FILES = readonly;
				GENERATE_INFOPLIST_FILE = YES;
				INFOPLIST_FILE = "AssetSonar Browser Activity Monitor Extension/Info.plist";
				INFOPLIST_KEY_CFBundleDisplayName = "AssetSonar Browser Activity Monitor Extension";
				INFOPLIST_KEY_NSHumanReadableCopyright = "";
				LD_RUNPATH_SEARCH_PATHS = (
					"$(inherited)",
					"@executable_path/../Frameworks",
					"@executable_path/../../../../Frameworks",
				);
				MACOSX_DEPLOYMENT_TARGET = 10.14;
				MARKETING_VERSION = 1.0;
				OTHER_LDFLAGS = (
					"-framework",
					SafariServices,
				);
				PRODUCT_BUNDLE_IDENTIFIER = "com.yourCompany.AssetSonar-Browser-Activity-Monitor.Extension";
				PRODUCT_NAME = "$(TARGET_NAME)";
				SKIP_INSTALL = YES;
				STRING_CATALOG_GENERATE_SYMBOLS = YES;
				SWIFT_APPROACHABLE_CONCURRENCY = YES;
				SWIFT_EMIT_LOC_STRINGS = YES;
				SWIFT_UPCOMING_FEATURE_MEMBER_IMPORT_VISIBILITY = YES;
				SWIFT_VERSION = 5.0;
			};
			name = Release;
		};
		2ADDD8D22FA9DE6000667468 /* Debug */ = {
			isa = XCBuildConfiguration;
			buildSettings = {
				ASSETCATALOG_COMPILER_APPICON_NAME = AppIcon;
				ASSETCATALOG_COMPILER_GLOBAL_ACCENT_COLOR_NAME = AccentColor;
				CODE_SIGN_STYLE = Automatic;
				COMBINE_HIDPI_IMAGES = YES;
				CURRENT_PROJECT_VERSION = 1;
				ENABLE_APP_SANDBOX = YES;
				ENABLE_HARDENED_RUNTIME = YES;
				ENABLE_OUTGOING_NETWORK_CONNECTIONS = YES;
				ENABLE_USER_SELECTED_FILES = readonly;
				GENERATE_INFOPLIST_FILE = YES;
				INFOPLIST_FILE = "AssetSonar Browser Activity Monitor/Info.plist";
				INFOPLIST_KEY_CFBundleDisplayName = "AssetSonar Browser Activity Monitor";
				INFOPLIST_KEY_NSHumanReadableCopyright = "";
				INFOPLIST_KEY_NSMainStoryboardFile = Main;
				INFOPLIST_KEY_NSPrincipalClass = NSApplication;
				LD_RUNPATH_SEARCH_PATHS = (
					"$(inherited)",
					"@executable_path/../Frameworks",
				);
				MARKETING_VERSION = 2.2.0;
				OTHER_LDFLAGS = (
					"-framework",
					SafariServices,
					"-framework",
					WebKit,
				);
				PRODUCT_BUNDLE_IDENTIFIER = "io.ezo.AssetSonar-Browser-Activity-Monitor";
				PRODUCT_NAME = "$(TARGET_NAME)";
				REGISTER_APP_GROUPS = YES;
				STRING_CATALOG_GENERATE_SYMBOLS = YES;
				SWIFT_APPROACHABLE_CONCURRENCY = YES;
				SWIFT_DEFAULT_ACTOR_ISOLATION = MainActor;
				SWIFT_EMIT_LOC_STRINGS = YES;
				SWIFT_UPCOMING_FEATURE_MEMBER_IMPORT_VISIBILITY = YES;
				SWIFT_VERSION = 5.0;
			};
			name = Debug;
		};
		2ADDD8D32FA9DE6000667468 /* Release */ = {
			isa = XCBuildConfiguration;
			buildSettings = {
				ASSETCATALOG_COMPILER_APPICON_NAME = AppIcon;
				ASSETCATALOG_COMPILER_GLOBAL_ACCENT_COLOR_NAME = AccentColor;
				CODE_SIGN_STYLE = Automatic;
				COMBINE_HIDPI_IMAGES = YES;
				CURRENT_PROJECT_VERSION = 1;
				ENABLE_APP_SANDBOX = YES;
				ENABLE_HARDENED_RUNTIME = YES;
				ENABLE_OUTGOING_NETWORK_CONNECTIONS = YES;
				ENABLE_USER_SELECTED_FILES = readonly;
				GENERATE_INFOPLIST_FILE = YES;
				INFOPLIST_FILE = "AssetSonar Browser Activity Monitor/Info.plist";
				INFOPLIST_KEY_CFBundleDisplayName = "AssetSonar Browser Activity Monitor";
				INFOPLIST_KEY_NSHumanReadableCopyright = "";
				INFOPLIST_KEY_NSMainStoryboardFile = Main;
				INFOPLIST_KEY_NSPrincipalClass = NSApplication;
				LD_RUNPATH_SEARCH_PATHS = (
					"$(inherited)",
					"@executable_path/../Frameworks",
				);
				MARKETING_VERSION = 2.2.0;
				OTHER_LDFLAGS = (
					"-framework",
					SafariServices,
					"-framework",
					WebKit,
				);
				PRODUCT_BUNDLE_IDENTIFIER = "io.ezo.AssetSonar-Browser-Activity-Monitor";
				PRODUCT_NAME = "$(TARGET_NAME)";
				REGISTER_APP_GROUPS = YES;
				STRING_CATALOG_GENERATE_SYMBOLS = YES;
				SWIFT_APPROACHABLE_CONCURRENCY = YES;
				SWIFT_DEFAULT_ACTOR_ISOLATION = MainActor;
				SWIFT_EMIT_LOC_STRINGS = YES;
				SWIFT_UPCOMING_FEATURE_MEMBER_IMPORT_VISIBILITY = YES;
				SWIFT_VERSION = 5.0;
			};
			name = Release;
		};
/* End XCBuildConfiguration section */

/* Begin XCConfigurationList section */
		2ADDD8A32FA9DE5F00667468 /* Build configuration list for PBXProject "AssetSonar Browser Activity Monitor" */ = {
			isa = XCConfigurationList;
			buildConfigurations = (
				2ADDD8CB2FA9DE6000667468 /* Debug */,
				2ADDD8CC2FA9DE6000667468 /* Release */,
			);
			defaultConfigurationIsVisible = 0;
			defaultConfigurationName = Release;
		};
		2ADDD8CD2FA9DE6000667468 /* Build configuration list for PBXNativeTarget "AssetSonar Browser Activity Monitor Extension" */ = {
			isa = XCConfigurationList;
			buildConfigurations = (
				2ADDD8CE2FA9DE6000667468 /* Debug */,
				2ADDD8CF2FA9DE6000667468 /* Release */,
			);
			defaultConfigurationIsVisible = 0;
			defaultConfigurationName = Release;
		};
		2ADDD8D12FA9DE6000667468 /* Build configuration list for PBXNativeTarget "AssetSonar Browser Activity Monitor" */ = {
			isa = XCConfigurationList;
			buildConfigurations = (
				2ADDD8D22FA9DE6000667468 /* Debug */,
				2ADDD8D32FA9DE6000667468 /* Release */,
			);
			defaultConfigurationIsVisible = 0;
			defaultConfigurationName = Release;
		};
/* End XCConfigurationList section */
	};
	rootObject = 2ADDD8A02FA9DE5F00667468 /* Project object */;
}
